// !$*UTF8*$!
{
	archiveVersion = 1;
	classes = {
	};
	objectVersion = 47;
	objects = {

/* Begin PBXBuildFile section */
		D34252C81AACD26B0003878D /* CalculatorBrain.swift in Sources */ = {isa = PBXBuildFile; fileRef = D34252C71AACD26B0003878D /* CalculatorBrain.swift */; };
		D3431EA21A9A4BD700DE872C /* AppDelegate.swift in Sources */ = {isa = PBXBuildFile; fileRef = D3431EA11A9A4BD700DE872C /* AppDelegate.swift */; };
		D3431EA41A9A4BD700DE872C /* ViewController.swift in Sources */ = {isa = PBXBuildFile; fileRef = D3431EA31A9A4BD700DE872C /* ViewController.swift */; };
		D3431EA71A9A4BD700DE872C /* Main.storyboard in Resources */ = {isa = PBXBuildFile; fileRef = D3431EA51A9A4BD700DE872C /* Main.storyboard */; };
		D3431EA91A9A4BD800DE872C /* Images.xcassets in Resources */ = {isa = PBXBuildFile; fileRef = D3431EA81A9A4BD800DE872C /* Images.xcassets */; };
		D3431EAC1A9A4BD800DE872C /* LaunchScreen.xib in Resources */ = {isa = PBXBuildFile; fileRef = D3431EAA1A9A4BD800DE872C /* LaunchScreen.xib */; };
		D3431EB81A9A4BD800DE872C /* CalculatorTests.swift in Sources */ = {isa = PBXBuildFile; fileRef = D3431EB71A9A4BD800DE872C /* CalculatorTests.swift */; };
/* End PBXBuildFile section */

/* Begin PBXContainerItemProxy section */
		D3431EB21A9A4BD800DE872C /* PBXContainerItemProxy */ = {
			isa = PBXContainerItemProxy;
			containerPortal = D3431E941A9A4BD700DE872C /* Project object */;
			proxyType = 1;
			remoteGlobalIDString = D3431E9B1A9A4BD700DE872C;
			remoteInfo = Calculator;
		};
/* End PBXContainerItemProxy section */

/* Begin PBXFileReference section */
		D34252C71AACD26B0003878D /* CalculatorBrain.swift */ = {isa = PBXFileReference; fileEncoding = 4; lastKnownFileType = sourcecode.swift; path = CalculatorBrain.swift; sourceTree = "<group>"; };
		D3431E9C1A9A4BD700DE872C /* Calculator.app */ = {isa = PBXFileReference; explicitFileType = wrapper.application; includeInIndex = 0; path = Calculator.app; sourceTree = BUILT_PRODUCTS_DIR; };
		D3431EA01A9A4BD700DE872C /* Info.plist */ = {isa = PBXFileReference; lastKnownFileType = text.plist.xml; path = Info.plist; sourceTree = "<group>"; };
		D3431EA11A9A4BD700DE872C /* AppDelegate.swift */ = {isa = PBXFileReference; lastKnownFileType = sourcecode.swift; path = AppDelegate.swift; sourceTree = "<group>"; };
		D3431EA31A9A4BD700DE872C /* ViewController.swift */ = {isa = PBXFileReference; lastKnownFileType = sourcecode.swift; path = ViewController.swift; sourceTree = "<group>"; };
		D3431EA61A9A4BD700DE872C /* Base */ = {isa = PBXFileReference; lastKnownFileType = file.storyboard; name = Base; path = Base.lproj/Main.storyboard; sourceTree = "<group>"; };
		D3431EA81A9A4BD800DE872C /* Images.xcassets */ = {isa = PBXFileReference; lastKnownFileType = folder.assetcatalog; path = Images.xcassets; sourceTree = "<group>"; };
		D3431EAB1A9A4BD800DE872C /* Base */ = {isa = PBXFileReference; lastKnownFileType = file.xib; name = Base; path = Base.lproj/LaunchScreen.xib; sourceTree = "<group>"; };
		D3431EB11A9A4BD800DE872C /* CalculatorTests.xctest */ = {isa = PBXFileReference; explicitFileType = wrapper.cfbundle; includeInIndex = 0; path = CalculatorTests.xctest; sourceTree = BUILT_PRODUCTS_DIR; };
		D3431EB61A9A4BD800DE872C /* Info.plist */ = {isa = PBXFileReference; lastKnownFileType = text.plist.xml; path = Info.plist; sourceTree = "<group>"; };
		D3431EB71A9A4BD800DE872C /* CalculatorTests.swift */ = {isa = PBXFileReference; lastKnownFileType = sourcecode.swift; path = CalculatorTests.swift; sourceTree = "<group>"; };
/* End PBXFileReference section */

/* Begin PBXFrameworksBuildPhase section */
		D3431E991A9A4BD700DE872C /* Frameworks */ = {
			isa = PBXFrameworksBuildPhase;
			buildActionMask = 2147483647;
			files = (
			);
			runOnlyForDeploymentPostprocessing = 0;
		};
		D3431EAE1A9A4BD800DE872C /* Frameworks */ = {
			isa = PBXFrameworksBuildPhase;
			buildActionMask = 2147483647;
			files = (
			);
			runOnlyForDeploymentPostprocessing = 0;
		};
/* End PBXFrameworksBuildPhase section */

/* Begin PBXGroup section */
		D3431E931A9A4BD700DE872C = {
			isa = PBXGroup;
			children = (
				D3431E9E1A9A4BD700DE872C /* Calculator */,
				D3431EB41A9A4BD800DE872C /* CalculatorTests */,
				D3431E9D1A9A4BD700DE872C /* Products */,
			);
			sourceTree = "<group>";
		};
		D3431E9D1A9A4BD700DE872C /* Products */ = {
			isa = PBXGroup;
			children = (
				D3431E9C1A9A4BD700DE872C /* Calculator.app */,
				D3431EB11A9A4BD800DE872C /* CalculatorTests.xctest */,
			);
			name = Products;
			sourceTree = "<group>";
		};
		D3431E9E1A9A4BD700DE872C /* Calculator */ = {
			isa = PBXGroup;
			children = (
				D3431EA31A9A4BD700DE872C /* ViewController.swift */,
				D3431EA51A9A4BD700DE872C /* Main.storyboard */,
				D34252C71AACD26B0003878D /* CalculatorBrain.swift */,
				D3431E9F1A9A4BD700DE872C /* Supporting Files */,
			);
			path = Calculator;
			sourceTree = "<group>";
		};
		D3431E9F1A9A4BD700DE872C /* Supporting Files */ = {
			isa = PBXGroup;
			children = (
				D3431EAA1A9A4BD800DE872C /* LaunchScreen.xib */,
				D3431EA81A9A4BD800DE872C /* Images.xcassets */,
				D3431EA11A9A4BD700DE872C /* AppDelegate.swift */,
				D3431EA01A9A4BD700DE872C /* Info.plist */,
			);
			name = "Supporting Files";
			sourceTree = "<group>";
		};
		D3431EB41A9A4BD800DE872C /* CalculatorTests */ = {
			isa = PBXGroup;
			children = (
				D3431EB71A9A4BD800DE872C /* CalculatorTests.swift */,
				D3431EB51A9A4BD800DE872C /* Supporting Files */,
			);
			path = CalculatorTests;
			sourceTree = "<group>";
		};
		D3431EB51A9A4BD800DE872C /* Supporting Files */ = {
			isa = PBXGroup;
			children = (
				D3431EB61A9A4BD800DE872C /* Info.plist */,
			);
			name = "Supporting Files";
			sourceTree = "<group>";
		};
/* End PBXGroup section */

/* Begin PBXNativeTarget section */
		D3431E9B1A9A4BD700DE872C /* Calculator */ = {
			isa = PBXNativeTarget;
			buildConfigurationList = D3431EBB1A9A4BD800DE872C /* Build configuration list for PBXNativeTarget "Calculator" */;
			buildPhases = (
				D3431E981A9A4BD700DE872C /* Sources */,
				D3431E991A9A4BD700DE872C /* Frameworks */,
				D3431E9A1A9A4BD700DE872C /* Resources */,
			);
			buildRules = (
			);
			dependencies = (
			);
			name = Calculator;
			productName = Calculator;
			productReference = D3431E9C1A9A4BD700DE872C /* Calculator.app */;
			productType = "com.apple.product-type.application";
		};
		D3431EB01A9A4BD800DE872C /* CalculatorTests */ = {
			isa = PBXNativeTarget;
			buildConfigurationList = D3431EBE1A9A4BD800DE872C /* Build configuration list for PBXNativeTarget "CalculatorTests" */;
			buildPhases = (
				D3431EAD1A9A4BD800DE872C /* Sources */,
				D3431EAE1A9A4BD800DE872C /* Frameworks */,
				D3431EAF1A9A4BD800DE872C /* Resources */,
			);
			buildRules = (
			);
			dependencies = (
				D3431EB31A9A4BD800DE872C /* PBXTargetDependency */,
			);
			name = CalculatorTests;
			productName = CalculatorTests;
			productReference = D3431EB11A9A4BD800DE872C /* CalculatorTests.xctest */;
			productType = "com.apple.product-type.bundle.unit-test";
		};
/* End PBXNativeTarget section */

/* Begin PBXProject section */
		D3431E941A9A4BD700DE872C /* Project object */ = {
			isa = PBXProject;
			attributes = {
				LastUpgradeCheck = 0630;
				ORGANIZATIONNAME = "Brian d'Hemecourt";
				TargetAttributes = {
					D3431E9B1A9A4BD700DE872C = {
						CreatedOnToolsVersion = 6.3;
						DevelopmentTeam = JKQSJJ4Q33;
					};
					D3431EB01A9A4BD800DE872C = {
						CreatedOnToolsVersion = 6.3;
						TestTargetID = D3431E9B1A9A4BD700DE872C;
					};
				};
			};
			buildConfigurationList = D3431E971A9A4BD700DE872C /* Build configuration list for PBXProject "Calculator" */;
			compatibilityVersion = "Xcode 6.3";
			developmentRegion = English;
			hasScannedForEncodings = 0;
			knownRegions = (
				en,
				Base,
			);
			mainGroup = D3431E931A9A4BD700DE872C;
			productRefGroup = D3431E9D1A9A4BD700DE872C /* Products */;
			projectDirPath = "";
			projectRoot = "";
			targets = (
				D3431E9B1A9A4BD700DE872C /* Calculator */,
				D3431EB01A9A4BD800DE872C /* CalculatorTests */,
			);
		};
/* End PBXProject section */

/* Begin PBXResourcesBuildPhase section */
		D3431E9A1A9A4BD700DE872C /* Resources */ = {
			isa = PBXResourcesBuildPhase;
			buildActionMask = 2147483647;
			files = (
				D3431EA71A9A4BD700DE872C /* Main.storyboard in Resources */,
				D3431EAC1A9A4BD800DE872C /* LaunchScreen.xib in Resources */,
				D3431EA91A9A4BD800DE872C /* Images.xcassets in Resources */,
			);
			runOnlyForDeploymentPostprocessing = 0;
		};
		D3431EAF1A9A4BD800DE872C /* Resources */ = {
			isa = PBXResourcesBuildPhase;
			buildActionMask = 2147483647;
			files = (
			);
			runOnlyForDeploymentPostprocessing = 0;
		};
/* End PBXResourcesBuildPhase section */

/* Begin PBXSourcesBuildPhase section */
		D3431E981A9A4BD700DE872C /* Sources */ = {
			isa = PBXSourcesBuildPhase;
			buildActionMask = 2147483647;
			files = (
				D34252C81AACD26B0003878D /* CalculatorBrain.swift in Sources */,
				D3431EA41A9A4BD700DE872C /* ViewController.swift in Sources */,
				D3431EA21A9A4BD700DE872C /* AppDelegate.swift in Sources */,
			);
			runOnlyForDeploymentPostprocessing = 0;
		};
		D3431EAD1A9A4BD800DE872C /* Sources */ = {
			isa = PBXSourcesBuildPhase;
			buildActionMask = 2147483647;
			files = (
				D3431EB81A9A4BD800DE872C /* CalculatorTests.swift in Sources */,
			);
			runOnlyForDeploymentPostprocessing = 0;
		};
/* End PBXSourcesBuildPhase section */

/* Begin PBXTargetDependency section */
		D3431EB31A9A4BD800DE872C /* PBXTargetDependency */ = {
			isa = PBXTargetDependency;
			target = D3431E9B1A9A4BD700DE872C /* Calculator */;
			targetProxy = D3431EB21A9A4BD800DE872C /* PBXContainerItemProxy */;
		};
/* End PBXTargetDependency section */

/* Begin PBXVariantGroup section */
		D3431EA51A9A4BD700DE872C /* Main.storyboard */ = {
			isa = PBXVariantGroup;
			children = (
				D3431EA61A9A4BD700DE872C /* Base */,
			);
			name = Main.storyboard;
			sourceTree = "<group>";
		};
		D3431EAA1A9A4BD800DE872C /* LaunchScreen.xib */ = {
			isa = PBXVariantGroup;
			children = (
				D3431EAB1A9A4BD800DE872C /* Base */,
			);
			name = LaunchScreen.xib;
			sourceTree = "<group>";
		};
/* End PBXVariantGroup section */

/* Begin XCBuildConfiguration section */
		D3431EB91A9A4BD800DE872C /* Debug */ = {
			isa = XCBuildConfiguration;
			buildSettings = {
				ALWAYS_SEARCH_USER_PATHS = NO;
				CLANG_CXX_LANGUAGE_STANDARD = "gnu++0x";
				CLANG_CXX_LIBRARY = "libc++";
				CLANG_ENABLE_MODULES = YES;
				CLANG_ENABLE_OBJC_ARC = YES;
				CLANG_WARN_BOOL_CONVERSION = YES;
				CLANG_WARN_CONSTANT_CONVERSION = YES;
				CLANG_WARN_DIRECT_OBJC_ISA_USAGE = YES_ERROR;
				CLANG_WARN_EMPTY_BODY = YES;
				CLANG_WARN_ENUM_CONVERSION = YES;
				CLANG_WARN_INT_CONVERSION = YES;
				CLANG_WARN_OBJC_ROOT_CLASS = YES_ERROR;
				CLANG_WARN_UNREACHABLE_CODE = YES;
				CLANG_WARN__DUPLICATE_METHOD_MATCH = YES;
				"CODE_SIGN_IDENTITY[sdk=iphoneos*]" = "iPhone Developer";
				COPY_PHASE_STRIP = NO;
				DEBUG_INFORMATION_FORMAT = dwarf;
				ENABLE_STRICT_OBJC_MSGSEND = YES;
				GCC_C_LANGUAGE_STANDARD = gnu99;
				GCC_DYNAMIC_NO_PIC = NO;
				GCC_OPTIMIZATION_LEVEL = 0;
				GCC_PREPROCESSOR_DEFINITIONS = (
					"DEBUG=1",
					"$(inherited)",
				);
				GCC_SYMBOLS_PRIVATE_EXTERN = NO;
				GCC_WARN_64_TO_32_BIT_CONVERSION = YES;
				GCC_WARN_ABOUT_RETURN_TYPE = YES_ERROR;
				GCC_WARN_UNDECLARED_SELECTOR = YES;
				GCC_WARN_UNINITIALIZED_AUTOS = YES_AGGRESSIVE;
				GCC_WARN_UNUSED_FUNCTION = YES;
				GCC_WARN_UNUSED_VARIABLE = YES;
				IPHONEOS_DEPLOYMENT_TARGET = 8.3;
				MTL_ENABLE_DEBUG_INFO = YES;
				ONLY_ACTIVE_ARCH = YES;
				SDKROOT = iphoneos;
				SWIFT_OPTIMIZATION_LEVEL = "-Onone";
				TARGETED_DEVICE_FAMILY = "1,2";
			};
			name = Debug;
		};
		D3431EBA1A9A4BD800DE872C /* Release */ = {
			isa = XCBuildConfiguration;
			buildSettings = {
				ALWAYS_SEARCH_USER_PATHS = NO;
				CLANG_CXX_LANGUAGE_STANDARD = "gnu++0x";
				CLANG_CXX_LIBRARY = "libc++";
				CLANG_ENABLE_MODULES = YES;
				CLANG_ENABLE_OBJC_ARC = YES;
				CLANG_WARN_BOOL_CONVERSION = YES;
				CLANG_WARN_CONSTANT_CONVERSION = YES;
				CLANG_WARN_DIRECT_OBJC_ISA_USAGE = YES_ERROR;
				CLANG_WARN_EMPTY_BODY = YES;
				CLANG_WARN_ENUM_CONVERSION = YES;
				CLANG_WARN_INT_CONVERSION = YES;
				CLANG_WARN_OBJC_ROOT_CLASS = YES_ERROR;
				CLANG_WARN_UNREACHABLE_CODE = YES;
				CLANG_WARN__DUPLICATE_METHOD_MATCH = YES;
				"CODE_SIGN_IDENTITY[sdk=iphoneos*]" = "iPhone Developer";
				COPY_PHASE_STRIP = NO;
				DEBUG_INFORMATION_FORMAT = "dwarf-with-dsym";
				ENABLE_NS_ASSERTIONS = NO;
				ENABLE_STRICT_OBJC_MSGSEND = YES;
				GCC_C_LANGUAGE_STANDARD = gnu99;
				GCC_WARN_64_TO_32_BIT_CONVERSION = YES;
				GCC_WARN_ABOUT_RETURN_TYPE = YES_ERROR;
				GCC_WARN_UNDECLARED_SELECTOR = YES;
				GCC_WARN_UNINITIALIZED_AUTOS = YES_AGGRESSIVE;
				GCC_WARN_UNUSED_FUNCTION = YES;
				GCC_WARN_UNUSED_VARIABLE = YES;
				IPHONEOS_DEPLOYMENT_TARGET = 8.3;
				MTL_ENABLE_DEBUG_INFO = NO;
				SDKROOT = iphoneos;
				TARGETED_DEVICE_FAMILY = "1,2";
				VALIDATE_PRODUCT = YES;
			};
			name = Release;
		};
		D3431EBC1A9A4BD800DE872C /* Debug */ = {
			isa = XCBuildConfiguration;
			buildSettings = {
				ASSETCATALOG_COMPILER_APPICON_NAME = AppIcon;
				CODE_SIGN_IDENTITY = "iPhone Developer";
				INFOPLIST_FILE = Calculator/Info.plist;
				LD_RUNPATH_SEARCH_PATHS = "$(inherited) @executable_path/Frameworks";
				PRODUCT_NAME = "$(TARGET_NAME)";
			};
			name = Debug;
		};
		D3431EBD1A9A4BD800DE872C /* Release */ = {
			isa = XCBuildConfiguration;
			buildSettings = {
				ASSETCATALOG_COMPILER_APPICON_NAME = AppIcon;
				CODE_SIGN_IDENTITY = "iPhone Developer";
				INFOPLIST_FILE = Calculator/Info.plist;
				LD_RUNPATH_SEARCH_PATHS = "$(inherited) @executable_path/Frameworks";
				PRODUCT_NAME = "$(TARGET_NAME)";
			};
			name = Release;
		};
		D3431EBF1A9A4BD800DE872C /* Debug */ = {
			isa = XCBuildConfiguration;
			buildSettings = {
				BUNDLE_LOADER = "$(TEST_HOST)";
				FRAMEWORK_SEARCH_PATHS = (
					"$(SDKROOT)/Developer/Library/Frameworks",
					"$(inherited)",
				);
				GCC_PREPROCESSOR_DEFINITIONS = (
					"DEBUG=1",
					"$(inherited)",
				);
				INFOPLIST_FILE = CalculatorTests/Info.plist;
				LD_RUNPATH_SEARCH_PATHS = "$(inherited) @executable_path/Frameworks @loader_path/Frameworks";
				PRODUCT_NAME = "$(TARGET_NAME)";
				TEST_HOST = "$(BUILT_PRODUCTS_DIR)/Calculator.app/Calculator";
			};
			name = Debug;
		};
		D3431EC01A9A4BD800DE872C /* Release */ = {
			isa = XCBuildConfiguration;
			buildSettings = {
				BUNDLE_LOADER = "$(TEST_HOST)";
				FRAMEWORK_SEARCH_PATHS = (
					"$(SDKROOT)/Developer/Library/Frameworks",
					"$(inherited)",
				);
				INFOPLIST_FILE = CalculatorTests/Info.plist;
				LD_RUNPATH_SEARCH_PATHS = "$(inherited) @executable_path/Frameworks @loader_path/Frameworks";
				PRODUCT_NAME = "$(TARGET_NAME)";
				TEST_HOST = "$(BUILT_PRODUCTS_DIR)/Calculator.app/Calculator";
			};
			name = Release;
		};
/* End XCBuildConfiguration section */

/* Begin XCConfigurationList section */
		D3431E971A9A4BD700DE872C /* Build configuration list for PBXProject "Calculator" */ = {
			isa = XCConfigurationList;
			buildConfigurations = (
				D3431EB91A9A4BD800DE872C /* Debug */,
				D3431EBA1A9A4BD800DE872C /* Release */,
			);
			defaultConfigurationIsVisible = 0;
			defaultConfigurationName = Release;
		};
		D3431EBB1A9A4BD800DE872C /* Build configuration list for PBXNativeTarget "Calculator" */ = {
			isa = XCConfigurationList;
			buildConfigurations = (
				D3431EBC1A9A4BD800DE872C /* Debug */,
				D3431EBD1A9A4BD800DE872C /* Release */,
			);
			defaultConfigurationIsVisible = 0;
			defaultConfigurationName = Release;
		};
		D3431EBE1A9A4BD800DE872C /* Build configuration list for PBXNativeTarget "CalculatorTests" */ = {
			isa = XCConfigurationList;
			buildConfigurations = (
				D3431EBF1A9A4BD800DE872C /* Debug */,
				D3431EC01A9A4BD800DE872C /* Release */,
			);
			defaultConfigurationIsVisible = 0;
			defaultConfigurationName = Release;
		};
/* End XCConfigurationList section */
	};
	rootObject = D3431E941A9A4BD700DE872C /* Project object */;
}
